
Microsoft Visual Studio Solution File, Format Version 12.00
# Visual Studio Version 17
VisualStudioVersion = 17.0.31903.59
MinimumVisualStudioVersion = 10.0.40219.1
Project("{2150E333-8FDC-42A3-9474-1A3956D46DE8}") = "src", "src", "{827E0CD3-B72D-47B6-A68D-7590B98EB39B}"
EndProject
Project("{FAE04EC0-301F-11D3-BF4B-00C04F79EFBC}") = "PvMonitor.Core", "src\PvMonitor.Core\PvMonitor.Core.csproj", "{AC36A6B9-E469-4243-968D-395A74FA8C2C}"
EndProject
Project("{FAE04EC0-301F-11D3-BF4B-00C04F79EFBC}") = "PvMonitor.Modbus", "src\PvMonitor.Modbus\PvMonitor.Modbus.csproj", "{6AF92990-52F0-46EE-8E7D-B4193F7EA209}"
EndProject
Project("{FAE04EC0-301F-11D3-BF4B-00C04F79EFBC}") = "PvMonitor.Storage", "src\PvMonitor.Storage\PvMonitor.Storage.csproj", "{FE81F7EC-FD6C-4354-A6CF-76FB8A44EBA2}"
EndProject
Project("{FAE04EC0-301F-11D3-BF4B-00C04F79EFBC}") = "PvMonitor.Api", "src\PvMonitor.Api\PvMonitor.Api.csproj", "{13B3C68F-56A5-4160-985F-496AC058BD1D}"
EndProject
Project("{2150E333-8FDC-42A3-9474-1A3956D46DE8}") = "tests", "tests", "{0AB3BF05-4346-4AA6-1389-037BE0695223}"
EndProject
Project("{FAE04EC0-301F-11D3-BF4B-00C04F79EFBC}") = "PvMonitor.Tests", "tests\PvMonitor.Tests\PvMonitor.Tests.csproj", "{440945D7-C867-44C8-9657-B763C2C0422E}"
EndProject
Global
	GlobalSection(SolutionConfigurationPlatforms) = preSolution
		Debug|Any CPU = Debug|Any CPU
		Debug|x64 = Debug|x64
		Debug|x86 = Debug|x86
		Release|Any CPU = Release|Any CPU
		Release|x64 = Release|x64
		Release|x86 = Release|x86
	EndGlobalSection
	GlobalSection(ProjectConfigurationPlatforms) = postSolution
		{AC36A6B9-E469-4243-968D-395A74FA8C2C}.Debug|Any CPU.ActiveCfg = Debug|Any CPU
		{AC36A6B9-E469-4243-968D-395A74FA8C2C}.Debug|Any CPU.Build.0 = Debug|Any CPU
		{AC36A6B9-E469-4243-968D-395A74FA8C2C}.Debug|x64.ActiveCfg = Debug|Any CPU
		{AC36A6B9-E469-4243-968D-395A74FA8C2C}.Debug|x64.Build.0 = Debug|Any CPU
		{AC36A6B9-E469-4243-968D-395A74FA8C2C}.Debug|x86.ActiveCfg = Debug|Any CPU
		{AC36A6B9-E469-4243-968D-395A74FA8C2C}.Debug|x86.Build.0 = Debug|Any CPU
		{AC36A6B9-E469-4243-968D-395A74FA8C2C}.Release|Any CPU.ActiveCfg = Release|Any CPU
		{AC36A6B9-E469-4243-968D-395A74FA8C2C}.Release|Any CPU.Build.0 = Release|Any CPU
		{AC36A6B9-E469-4243-968D-395A74FA8C2C}.Release|x64.ActiveCfg = Release|Any CPU
		{AC36A6B9-E469-4243-968D-395A74FA8C2C}.Release|x64.Build.0 = Release|Any CPU
		{AC36A6B9-E469-4243-968D-395A74FA8C2C}.Release|x86.ActiveCfg = Release|Any CPU
		{AC36A6B9-E469-4243-968D-395A74FA8C2C}.Release|x86.Build.0 = Release|Any CPU
		{6AF92990-52F0-46EE-8E7D-B4193F7EA209}.Debug|Any CPU.ActiveCfg = Debug|Any CPU
		{6AF92990-52F0-46EE-8E7D-B4193F7EA209}.Debug|Any CPU.Build.0 = Debug|Any CPU
		{6AF92990-52F0-46EE-8E7D-B4193F7EA209}.Debug|x64.ActiveCfg = Debug|Any CPU
		{6AF92990-52F0-46EE-8E7D-B4193F7EA209}.Debug|x64.Build.0 = Debug|Any CPU
		{6AF92990-52F0-46EE-8E7D-B4193F7EA209}.Debug|x86.ActiveCfg = Debug|Any CPU
		{6AF92990-52F0-46EE-8E7D-B4193F7EA209}.Debug|x86.Build.0 = Debug|Any CPU
		{6AF92990-52F0-46EE-8E7D-B4193F7EA209}.Release|Any CPU.ActiveCfg = Release|Any CPU
		{6AF92990-52F0-46EE-8E7D-B4193F7EA209}.Release|Any CPU.Build.0 = Release|Any CPU
		{6AF92990-52F0-46EE-8E7D-B4193F7EA209}.Release|x64.ActiveCfg = Release|Any CPU
		{6AF92990-52F0-46EE-8E7D-B4193F7EA209}.Release|x64.Build.0 = Release|Any CPU
		{6AF92990-52F0-46EE-8E7D-B4193F7EA209}.Release|x86.ActiveCfg = Release|Any CPU
		{6AF92990-52F0-46EE-8E7D-B4193F7EA209}.Release|x86.Build.0 = Release|Any CPU
		{FE81F7EC-FD6C-4354-A6CF-76FB8A44EBA2}.Debug|Any CPU.ActiveCfg = Debug|Any CPU
		{FE81F7EC-FD6C-4354-A6CF-76FB8A44EBA2}.Debug|Any CPU.Build.0 = Debug|Any CPU
		{FE81F7EC-FD6C-4354-A6CF-76FB8A44EBA2}.Debug|x64.ActiveCfg = Debug|Any CPU
		{FE81F7EC-FD6C-4354-A6CF-76FB8A44EBA2}.Debug|x64.Build.0 = Debug|Any CPU
		{FE81F7EC-FD6C-4354-A6CF-76FB8A44EBA2}.Debug|x86.ActiveCfg = Debug|Any CPU
		{FE81F7EC-FD6C-4354-A6CF-76FB8A44EBA2}.Debug|x86.Build.0 = Debug|Any CPU
		{FE81F7EC-FD6C-4354-A6CF-76FB8A44EBA2}.Release|Any CPU.ActiveCfg = Release|Any CPU
		{FE81F7EC-FD6C-4354-A6CF-76FB8A44EBA2}.Release|Any CPU.Build.0 = Release|Any CPU
		{FE81F7EC-FD6C-4354-A6CF-76FB8A44EBA2}.Release|x64.ActiveCfg = Release|Any CPU
		{FE81F7EC-FD6C-4354-A6CF-76FB8A44EBA2}.Release|x64.Build.0 = Release|Any CPU
		{FE81F7EC-FD6C-4354-A6CF-76FB8A44EBA2}.Release|x86.ActiveCfg = Release|Any CPU
		{FE81F7EC-FD6C-4354-A6CF-76FB8A44EBA2}.Release|x86.Build.0 = Release|Any CPU
		{13B3C68F-56A5-4160-985F-496AC058BD1D}.Debug|Any CPU.ActiveCfg = Debug|Any CPU
		{13B3C68F-56A5-4160-985F-496AC058BD1D}.Debug|Any CPU.Build.0 = Debug|Any CPU
		{13B3C68F-56A5-4160-985F-496AC058BD1D}.Debug|x64.ActiveCfg = Debug|Any CPU
		{13B3C68F-56A5-4160-985F-496AC058BD1D}.Debug|x64.Build.0 = Debug|Any CPU
		{13B3C68F-56A5-4160-985F-496AC058BD1D}.Debug|x86.ActiveCfg = Debug|Any CPU
		{13B3C68F-56A5-4160-985F-496AC058BD1D}.Debug|x86.Build.0 = Debug|Any CPU
		{13B3C68F-56A5-4160-985F-496AC058BD1D}.Release|Any CPU.ActiveCfg = Release|Any CPU
		{13B3C68F-56A5-4160-985F-496AC058BD1D}.Release|Any CPU.Build.0 = Release|Any CPU
		{13B3C68F-56A5-4160-985F-496AC058BD1D}.Release|x64.ActiveCfg = Release|Any CPU
		{13B3C68F-56A5-4160-985F-496AC058BD1D}.Release|x64.Build.0 = Release|Any CPU
		{13B3C68F-56A5-4160-985F-496AC058BD1D}.Release|x86.ActiveCfg = Release|Any CPU
		{13B3C68F-56A5-4160-985F-496AC058BD1D}.Release|x86.Build.0 = Release|Any CPU
		{440945D7-C867-44C8-9657-B763C2C0422E}.Debug|Any CPU.ActiveCfg = Debug|Any CPU
		{440945D7-C867-44C8-9657-B763C2C0422E}.Debug|Any CPU.Build.0 = Debug|Any CPU
		{440945D7-C867-44C8-9657-B763C2C0422E}.Debug|x64.ActiveCfg = Debug|Any CPU
		{440945D7-C867-44C8-9657-B763C2C0422E}.Debug|x64.Build.0 = Debug|Any CPU
		{440945D7-C867-44C8-9657-B763C2C0422E}.Debug|x86.ActiveCfg = Debug|Any CPU
		{440945D7-C867-44C8-9657-B763C2C0422E}.Debug|x86.Build.0 = Debug|Any CPU
		{440945D7-C867-44C8-9657-B763C2C0422E}.Release|Any CPU.ActiveCfg = Release|Any CPU
		{440945D7-C867-44C8-9657-B763C2C0422E}.Release|Any CPU.Build.0 = Release|Any CPU
		{440945D7-C867-44C8-9657-B763C2C0422E}.Release|x64.ActiveCfg = Release|Any CPU
		{440945D7-C867-44C8-9657-B763C2C0422E}.Release|x64.Build.0 = Release|Any CPU
		{440945D7-C867-44C8-9657-B763C2C0422E}.Release|x86.ActiveCfg = Release|Any CPU
		{440945D7-C867-44C8-9657-B763C2C0422E}.Release|x86.Build.0 = Release|Any CPU
	EndGlobalSection
	GlobalSection(SolutionProperties) = preSolution
		HideSolutionNode = FALSE
	EndGlobalSection
	GlobalSection(NestedProjects) = preSolution
		{AC36A6B9-E469-4243-968D-395A74FA8C2C} = {827E0CD3-B72D-47B6-A68D-7590B98EB39B}
		{6AF92990-52F0-46EE-8E7D-B4193F7EA209} = {827E0CD3-B72D-47B6-A68D-7590B98EB39B}
		{FE81F7EC-FD6C-4354-A6CF-76FB8A44EBA2} = {827E0CD3-B72D-47B6-A68D-7590B98EB39B}
		{13B3C68F-56A5-4160-985F-496AC058BD1D} = {827E0CD3-B72D-47B6-A68D-7590B98EB39B}
		{440945D7-C867-44C8-9657-B763C2C0422E} = {0AB3BF05-4346-4AA6-1389-037BE0695223}
	EndGlobalSection
EndGlobal
